%{"cowboy": {:hex, :cowboy, "1.0.0"},
  "cowlib": {:hex, :cowlib, "1.0.1"},
  "decimal": {:hex, :decimal, "1.1.0"},
  "ecto": {:hex, :ecto, "0.10.2"},
  "ehyperloglog": {:git, "git://github.com/vaxelfel/eHyperLogLog.git", "efd14f262c663cde76d8ed48007826dabe9aca41", []},
  "ejabberd": {:git, "git://github.com/processone/ejabberd.git", "b67af5e036e359f6cfc877c2617d9b3c3d877c89", []},
  "eredis": {:git, "git://github.com/wooga/eredis.git", "f6900e2a828430badac173250e00d540c5c5a02f", []},
  "esip": {:git, "git://github.com/processone/p1_sip.git", "f950566748aa18266873e0c0da6eaec82289b16b", []},
  "fs": {:hex, :fs, "0.9.1"},
  "p1_cache_tab": {:git, "git://github.com/processone/cache_tab.git", "cca096330ce39e8b56fe0e0c478df1ff452e7751", []},
  "p1_iconv": {:git, "git://github.com/processone/eiconv.git", "64f6db3fd0aa0204ca1af73e5364446c78aa64cb", []},
  "p1_logger": {:git, "git://github.com/processone/p1_logger.git", "3e19507fd5606a73694917158767ecb3f5704e3f", []},
  "p1_mysql": {:git, "git://github.com/processone/mysql.git", "d568bbe317c4e86ee58a603c46a98809c1279013", []},
  "p1_pgsql": {:git, "git://github.com/processone/pgsql.git", "a913ce691782fdf52654774313df0a54a743da1f", []},
  "p1_stringprep": {:git, "git://github.com/processone/stringprep.git", "3c640237a3a7831dc39de6a6d329d3a9af25c579", []},
  "p1_stun": {:git, "git://github.com/processone/stun.git", "d98c71e22492bd5cf95f6a3227de302ace0f70b3", []},
  "p1_tls": {:git, "git://github.com/processone/tls.git", "e231cbde546c2e2200f6dae01d13cf743d253c6d", []},
  "p1_utils": {:git, "git://github.com/processone/p1_utils.git", "1bf99f9c8daed3b03f76e2714ca102c520c88b26", []},
  "p1_xml": {:git, "git://github.com/processone/xml.git", "6992f42ece4254144804500cc946d2d455df43ba", []},
  "p1_yaml": {:git, "git://github.com/processone/p1_yaml.git", "e1f081e1bbf34c35fc60c1b988d62a07fbead3e8", []},
  "p1_zlib": {:git, "git://github.com/processone/zlib.git", "e3d4222b7aae616d7ef2e7e2fa0bbf451516c602", []},
  "phoenix": {:hex, :phoenix, "0.11.0"},
  "phoenix_ecto": {:hex, :phoenix_ecto, "0.3.1"},
  "phoenix_live_reload": {:hex, :phoenix_live_reload, "0.3.0"},
  "plug": {:hex, :plug, "0.11.3"},
  "poison": {:hex, :poison, "1.4.0"},
  "poolboy": {:hex, :poolboy, "1.4.2"},
  "postgrex": {:hex, :postgrex, "0.8.1"},
  "ranch": {:hex, :ranch, "1.0.0"}}
